// !$*UTF8*$!
{
	archiveVersion = 1;
	classes = {
	};
	objectVersion = 56;
	objects = {

/* Begin PBXBuildFile section */
		06D4FE492AD6A6A4007FB815 /* PatientScreen.swift in Sources */ = {isa = PBXBuildFile; fileRef = 06D4FE482AD6A6A4007FB815 /* PatientScreen.swift */; };
		06D4FE4B2AD6A6D6007FB815 /* DoctorScreen.swift in Sources */ = {isa = PBXBuildFile; fileRef = 06D4FE4A2AD6A6D6007FB815 /* DoctorScreen.swift */; };
		06D4FE4D2AD6A712007FB815 /* BillingScreen.swift in Sources */ = {isa = PBXBuildFile; fileRef = 06D4FE4C2AD6A712007FB815 /* BillingScreen.swift */; };
		06D4FE4F2AD827D5007FB815 /* EntryField.swift in Sources */ = {isa = PBXBuildFile; fileRef = 06D4FE4E2AD827D5007FB815 /* EntryField.swift */; };
		06D4FE512AD828A6007FB815 /* AuthEntryModel.swift in Sources */ = {isa = PBXBuildFile; fileRef = 06D4FE502AD828A6007FB815 /* AuthEntryModel.swift */; };
		06D4FE532AD8FE89007FB815 /* SpeechRecognizer2.swift in Sources */ = {isa = PBXBuildFile; fileRef = 06D4FE522AD8FE89007FB815 /* SpeechRecognizer2.swift */; };
		06D4FE552AD903AF007FB815 /* NoteView.swift in Sources */ = {isa = PBXBuildFile; fileRef = 06D4FE542AD903AF007FB815 /* NoteView.swift */; };
		06D4FE572AD9086D007FB815 /* Note.swift in Sources */ = {isa = PBXBuildFile; fileRef = 06D4FE562AD9086D007FB815 /* Note.swift */; };
		06D4FE5B2AD94292007FB815 /* SpeechRecognizer.swift in Sources */ = {isa = PBXBuildFile; fileRef = 06D4FE5A2AD94292007FB815 /* SpeechRecognizer.swift */; };
		06DEEFE12AD2D3F20039E5A4 /* ErrorView.swift in Sources */ = {isa = PBXBuildFile; fileRef = 06DEEFE02AD2D3F20039E5A4 /* ErrorView.swift */; };
		06DEEFE32AD2D4240039E5A4 /* ErrorWrapper.swift in Sources */ = {isa = PBXBuildFile; fileRef = 06DEEFE22AD2D4240039E5A4 /* ErrorWrapper.swift */; };
		06DEEFE52AD2D4440039E5A4 /* AppState.swift in Sources */ = {isa = PBXBuildFile; fileRef = 06DEEFE42AD2D4440039E5A4 /* AppState.swift */; };
		06DEEFE72AD3C7130039E5A4 /* String+extensions.swift in Sources */ = {isa = PBXBuildFile; fileRef = 06DEEFE62AD3C7130039E5A4 /* String+extensions.swift */; };
		06E116EF2AD17DDD00077B50 /* atriusClientApp.swift in Sources */ = {isa = PBXBuildFile; fileRef = 06E116EE2AD17DDD00077B50 /* atriusClientApp.swift */; };
		06E116F12AD17DDD00077B50 /* ContentView.swift in Sources */ = {isa = PBXBuildFile; fileRef = 06E116F02AD17DDD00077B50 /* ContentView.swift */; };
		06E116F32AD17DDE00077B50 /* Assets.xcassets in Resources */ = {isa = PBXBuildFile; fileRef = 06E116F22AD17DDE00077B50 /* Assets.xcassets */; };
		06E116F72AD17DDE00077B50 /* Preview Assets.xcassets in Resources */ = {isa = PBXBuildFile; fileRef = 06E116F62AD17DDE00077B50 /* Preview Assets.xcassets */; };
		06E117012AD17DDE00077B50 /* atriusClientTests.swift in Sources */ = {isa = PBXBuildFile; fileRef = 06E117002AD17DDE00077B50 /* atriusClientTests.swift */; };
		06E1170B2AD17DDE00077B50 /* atriusClientUITests.swift in Sources */ = {isa = PBXBuildFile; fileRef = 06E1170A2AD17DDE00077B50 /* atriusClientUITests.swift */; };
		06E1170D2AD17DDE00077B50 /* atriusClientUITestsLaunchTests.swift in Sources */ = {isa = PBXBuildFile; fileRef = 06E1170C2AD17DDE00077B50 /* atriusClientUITestsLaunchTests.swift */; };
		06E1171B2AD1875700077B50 /* HTTPClient.swift in Sources */ = {isa = PBXBuildFile; fileRef = 06E1171A2AD1875700077B50 /* HTTPClient.swift */; };
		06E1171E2AD1880100077B50 /* APIEndpoints.swift in Sources */ = {isa = PBXBuildFile; fileRef = 06E1171D2AD1880100077B50 /* APIEndpoints.swift */; };
		06E117212AD1893D00077B50 /* AtriusModel.swift in Sources */ = {isa = PBXBuildFile; fileRef = 06E117202AD1893D00077B50 /* AtriusModel.swift */; };
		06E117242AD18A2F00077B50 /* SignupDTO.swift in Sources */ = {isa = PBXBuildFile; fileRef = 06E117232AD18A2F00077B50 /* SignupDTO.swift */; };
		06E117272AD18AE500077B50 /* SignupView.swift in Sources */ = {isa = PBXBuildFile; fileRef = 06E117262AD18AE500077B50 /* SignupView.swift */; };
		06E117292AD18F5F00077B50 /* User.swift in Sources */ = {isa = PBXBuildFile; fileRef = 06E117282AD18F5F00077B50 /* User.swift */; };
		06E1172B2AD1994B00077B50 /* LoginView.swift in Sources */ = {isa = PBXBuildFile; fileRef = 06E1172A2AD1994B00077B50 /* LoginView.swift */; };
		06E117312AD2951500077B50 /* KeychainServices.swift in Sources */ = {isa = PBXBuildFile; fileRef = 06E117302AD2951500077B50 /* KeychainServices.swift */; };
/* End PBXBuildFile section */

/* Begin PBXContainerItemProxy section */
		06E116FD2AD17DDE00077B50 /* PBXContainerItemProxy */ = {
			isa = PBXContainerItemProxy;
			containerPortal = 06E116E32AD17DDD00077B50 /* Project object */;
			proxyType = 1;
			remoteGlobalIDString = 06E116EA2AD17DDD00077B50;
			remoteInfo = atriusClient;
		};
		06E117072AD17DDE00077B50 /* PBXContainerItemProxy */ = {
			isa = PBXContainerItemProxy;
			containerPortal = 06E116E32AD17DDD00077B50 /* Project object */;
			proxyType = 1;
			remoteGlobalIDString = 06E116EA2AD17DDD00077B50;
			remoteInfo = atriusClient;
		};
/* End PBXContainerItemProxy section */

/* Begin PBXFileReference section */
		06D4FE482AD6A6A4007FB815 /* PatientScreen.swift */ = {isa = PBXFileReference; lastKnownFileType = sourcecode.swift; path = PatientScreen.swift; sourceTree = "<group>"; };
		06D4FE4A2AD6A6D6007FB815 /* DoctorScreen.swift */ = {isa = PBXFileReference; lastKnownFileType = sourcecode.swift; path = DoctorScreen.swift; sourceTree = "<group>"; };
		06D4FE4C2AD6A712007FB815 /* BillingScreen.swift */ = {isa = PBXFileReference; lastKnownFileType = sourcecode.swift; path = BillingScreen.swift; sourceTree = "<group>"; };
		06D4FE4E2AD827D5007FB815 /* EntryField.swift */ = {isa = PBXFileReference; lastKnownFileType = sourcecode.swift; path = EntryField.swift; sourceTree = "<group>"; };
		06D4FE502AD828A6007FB815 /* AuthEntryModel.swift */ = {isa = PBXFileReference; lastKnownFileType = sourcecode.swift; path = AuthEntryModel.swift; sourceTree = "<group>"; };
		06D4FE522AD8FE89007FB815 /* SpeechRecognizer2.swift */ = {isa = PBXFileReference; fileEncoding = 4; lastKnownFileType = sourcecode.swift; path = SpeechRecognizer2.swift; sourceTree = "<group>"; };
		06D4FE542AD903AF007FB815 /* NoteView.swift */ = {isa = PBXFileReference; lastKnownFileType = sourcecode.swift; path = NoteView.swift; sourceTree = "<group>"; };
		06D4FE562AD9086D007FB815 /* Note.swift */ = {isa = PBXFileReference; lastKnownFileType = sourcecode.swift; path = Note.swift; sourceTree = "<group>"; };
		06D4FE5A2AD94292007FB815 /* SpeechRecognizer.swift */ = {isa = PBXFileReference; lastKnownFileType = sourcecode.swift; path = SpeechRecognizer.swift; sourceTree = "<group>"; };
		06DEEFE02AD2D3F20039E5A4 /* ErrorView.swift */ = {isa = PBXFileReference; fileEncoding = 4; lastKnownFileType = sourcecode.swift; path = ErrorView.swift; sourceTree = "<group>"; };
		06DEEFE22AD2D4240039E5A4 /* ErrorWrapper.swift */ = {isa = PBXFileReference; fileEncoding = 4; lastKnownFileType = sourcecode.swift; path = ErrorWrapper.swift; sourceTree = "<group>"; };
		06DEEFE42AD2D4440039E5A4 /* AppState.swift */ = {isa = PBXFileReference; fileEncoding = 4; lastKnownFileType = sourcecode.swift; path = AppState.swift; sourceTree = "<group>"; };
		06DEEFE62AD3C7130039E5A4 /* String+extensions.swift */ = {isa = PBXFileReference; fileEncoding = 4; lastKnownFileType = sourcecode.swift; path = "String+extensions.swift"; sourceTree = "<group>"; };
		06E116EB2AD17DDD00077B50 /* atriusClient.app */ = {isa = PBXFileReference; explicitFileType = wrapper.application; includeInIndex = 0; path = atriusClient.app; sourceTree = BUILT_PRODUCTS_DIR; };
		06E116EE2AD17DDD00077B50 /* atriusClientApp.swift */ = {isa = PBXFileReference; lastKnownFileType = sourcecode.swift; path = atriusClientApp.swift; sourceTree = "<group>"; };
		06E116F02AD17DDD00077B50 /* ContentView.swift */ = {isa = PBXFileReference; lastKnownFileType = sourcecode.swift; path = ContentView.swift; sourceTree = "<group>"; };
		06E116F22AD17DDE00077B50 /* Assets.xcassets */ = {isa = PBXFileReference; lastKnownFileType = folder.assetcatalog; path = Assets.xcassets; sourceTree = "<group>"; };
		06E116F42AD17DDE00077B50 /* atriusClient.entitlements */ = {isa = PBXFileReference; lastKnownFileType = text.plist.entitlements; path = atriusClient.entitlements; sourceTree = "<group>"; };
		06E116F62AD17DDE00077B50 /* Preview Assets.xcassets */ = {isa = PBXFileReference; lastKnownFileType = folder.assetcatalog; path = "Preview Assets.xcassets"; sourceTree = "<group>"; };
		06E116FC2AD17DDE00077B50 /* atriusClientTests.xctest */ = {isa = PBXFileReference; explicitFileType = wrapper.cfbundle; includeInIndex = 0; path = atriusClientTests.xctest; sourceTree = BUILT_PRODUCTS_DIR; };
		06E117002AD17DDE00077B50 /* atriusClientTests.swift */ = {isa = PBXFileReference; lastKnownFileType = sourcecode.swift; path = atriusClientTests.swift; sourceTree = "<group>"; };
		06E117062AD17DDE00077B50 /* atriusClientUITests.xctest */ = {isa = PBXFileReference; explicitFileType = wrapper.cfbundle; includeInIndex = 0; path = atriusClientUITests.xctest; sourceTree = BUILT_PRODUCTS_DIR; };
		06E1170A2AD17DDE00077B50 /* atriusClientUITests.swift */ = {isa = PBXFileReference; lastKnownFileType = sourcecode.swift; path = atriusClientUITests.swift; sourceTree = "<group>"; };
		06E1170C2AD17DDE00077B50 /* atriusClientUITestsLaunchTests.swift */ = {isa = PBXFileReference; lastKnownFileType = sourcecode.swift; path = atriusClientUITestsLaunchTests.swift; sourceTree = "<group>"; };
		06E1171A2AD1875700077B50 /* HTTPClient.swift */ = {isa = PBXFileReference; lastKnownFileType = sourcecode.swift; path = HTTPClient.swift; sourceTree = "<group>"; };
		06E1171D2AD1880100077B50 /* APIEndpoints.swift */ = {isa = PBXFileReference; lastKnownFileType = sourcecode.swift; path = APIEndpoints.swift; sourceTree = "<group>"; };
		06E117202AD1893D00077B50 /* AtriusModel.swift */ = {isa = PBXFileReference; lastKnownFileType = sourcecode.swift; path = AtriusModel.swift; sourceTree = "<group>"; };
		06E117232AD18A2F00077B50 /* SignupDTO.swift */ = {isa = PBXFileReference; lastKnownFileType = sourcecode.swift; path = SignupDTO.swift; sourceTree = "<group>"; };
		06E117262AD18AE500077B50 /* SignupView.swift */ = {isa = PBXFileReference; lastKnownFileType = sourcecode.swift; path = SignupView.swift; sourceTree = "<group>"; };
		06E117282AD18F5F00077B50 /* User.swift */ = {isa = PBXFileReference; lastKnownFileType = sourcecode.swift; path = User.swift; sourceTree = "<group>"; };
		06E1172A2AD1994B00077B50 /* LoginView.swift */ = {isa = PBXFileReference; lastKnownFileType = sourcecode.swift; path = LoginView.swift; sourceTree = "<group>"; };
		06E117302AD2951500077B50 /* KeychainServices.swift */ = {isa = PBXFileReference; lastKnownFileType = sourcecode.swift; path = KeychainServices.swift; sourceTree = "<group>"; };
/* End PBXFileReference section */

/* Begin PBXFrameworksBuildPhase section */
		06E116E82AD17DDD00077B50 /* Frameworks */ = {
			isa = PBXFrameworksBuildPhase;
			buildActionMask = 2147483647;
			files = (
			);
			runOnlyForDeploymentPostprocessing = 0;
		};
		06E116F92AD17DDE00077B50 /* Frameworks */ = {
			isa = PBXFrameworksBuildPhase;
			buildActionMask = 2147483647;
			files = (
			);
			runOnlyForDeploymentPostprocessing = 0;
		};
		06E117032AD17DDE00077B50 /* Frameworks */ = {
			isa = PBXFrameworksBuildPhase;
			buildActionMask = 2147483647;
			files = (
			);
			runOnlyForDeploymentPostprocessing = 0;
		};
/* End PBXFrameworksBuildPhase section */

/* Begin PBXGroup section */
		06DEEFDF2AD2D3CE0039E5A4 /* Views */ = {
			isa = PBXGroup;
			children = (
				06DEEFE02AD2D3F20039E5A4 /* ErrorView.swift */,
				06D4FE4E2AD827D5007FB815 /* EntryField.swift */,
				06D4FE542AD903AF007FB815 /* NoteView.swift */,
			);
			path = Views;
			sourceTree = "<group>";
		};
		06E116E22AD17DDD00077B50 = {
			isa = PBXGroup;
			children = (
				06E116ED2AD17DDD00077B50 /* atriusClient */,
				06E116FF2AD17DDE00077B50 /* atriusClientTests */,
				06E117092AD17DDE00077B50 /* atriusClientUITests */,
				06E116EC2AD17DDD00077B50 /* Products */,
			);
			sourceTree = "<group>";
		};
		06E116EC2AD17DDD00077B50 /* Products */ = {
			isa = PBXGroup;
			children = (
				06E116EB2AD17DDD00077B50 /* atriusClient.app */,
				06E116FC2AD17DDE00077B50 /* atriusClientTests.xctest */,
				06E117062AD17DDE00077B50 /* atriusClientUITests.xctest */,
			);
			name = Products;
			sourceTree = "<group>";
		};
		06E116ED2AD17DDD00077B50 /* atriusClient */ = {
			isa = PBXGroup;
			children = (
				06DEEFDF2AD2D3CE0039E5A4 /* Views */,
				06E117252AD18AC700077B50 /* Screens */,
				06E117222AD18A1300077B50 /* DTOs */,
				06E1171F2AD1891D00077B50 /* Models */,
				06E1171C2AD187A100077B50 /* Utilities */,
				06E117192AD1873F00077B50 /* Clients */,
				06E116EE2AD17DDD00077B50 /* atriusClientApp.swift */,
				06E116F02AD17DDD00077B50 /* ContentView.swift */,
				06E116F22AD17DDE00077B50 /* Assets.xcassets */,
				06E116F42AD17DDE00077B50 /* atriusClient.entitlements */,
				06E116F52AD17DDE00077B50 /* Preview Content */,
			);
			path = atriusClient;
			sourceTree = "<group>";
		};
		06E116F52AD17DDE00077B50 /* Preview Content */ = {
			isa = PBXGroup;
			children = (
				06E116F62AD17DDE00077B50 /* Preview Assets.xcassets */,
			);
			path = "Preview Content";
			sourceTree = "<group>";
		};
		06E116FF2AD17DDE00077B50 /* atriusClientTests */ = {
			isa = PBXGroup;
			children = (
				06E117002AD17DDE00077B50 /* atriusClientTests.swift */,
			);
			path = atriusClientTests;
			sourceTree = "<group>";
		};
		06E117092AD17DDE00077B50 /* atriusClientUITests */ = {
			isa = PBXGroup;
			children = (
				06E1170A2AD17DDE00077B50 /* atriusClientUITests.swift */,
				06E1170C2AD17DDE00077B50 /* atriusClientUITestsLaunchTests.swift */,
			);
			path = atriusClientUITests;
			sourceTree = "<group>";
		};
		06E117192AD1873F00077B50 /* Clients */ = {
			isa = PBXGroup;
			children = (
				06E1171A2AD1875700077B50 /* HTTPClient.swift */,
			);
			path = Clients;
			sourceTree = "<group>";
		};
		06E1171C2AD187A100077B50 /* Utilities */ = {
			isa = PBXGroup;
			children = (
				06DEEFE62AD3C7130039E5A4 /* String+extensions.swift */,
				06DEEFE22AD2D4240039E5A4 /* ErrorWrapper.swift */,
				06E1171D2AD1880100077B50 /* APIEndpoints.swift */,
			);
			path = Utilities;
			sourceTree = "<group>";
		};
		06E1171F2AD1891D00077B50 /* Models */ = {
			isa = PBXGroup;
			children = (
				06D4FE522AD8FE89007FB815 /* SpeechRecognizer2.swift */,
				06DEEFE42AD2D4440039E5A4 /* AppState.swift */,
				06E117202AD1893D00077B50 /* AtriusModel.swift */,
				06E117282AD18F5F00077B50 /* User.swift */,
				06E117302AD2951500077B50 /* KeychainServices.swift */,
				06D4FE502AD828A6007FB815 /* AuthEntryModel.swift */,
				06D4FE562AD9086D007FB815 /* Note.swift */,
				06D4FE5A2AD94292007FB815 /* SpeechRecognizer.swift */,
			);
			path = Models;
			sourceTree = "<group>";
		};
		06E117222AD18A1300077B50 /* DTOs */ = {
			isa = PBXGroup;
			children = (
				06E117232AD18A2F00077B50 /* SignupDTO.swift */,
			);
			path = DTOs;
			sourceTree = "<group>";
		};
		06E117252AD18AC700077B50 /* Screens */ = {
			isa = PBXGroup;
			children = (
				06E117262AD18AE500077B50 /* SignupView.swift */,
				06E1172A2AD1994B00077B50 /* LoginView.swift */,
				06D4FE482AD6A6A4007FB815 /* PatientScreen.swift */,
				06D4FE4A2AD6A6D6007FB815 /* DoctorScreen.swift */,
				06D4FE4C2AD6A712007FB815 /* BillingScreen.swift */,
			);
			path = Screens;
			sourceTree = "<group>";
		};
/* End PBXGroup section */

/* Begin PBXNativeTarget section */
		06E116EA2AD17DDD00077B50 /* atriusClient */ = {
			isa = PBXNativeTarget;
			buildConfigurationList = 06E117102AD17DDE00077B50 /* Build configuration list for PBXNativeTarget "atriusClient" */;
			buildPhases = (
				06E116E72AD17DDD00077B50 /* Sources */,
				06E116E82AD17DDD00077B50 /* Frameworks */,
				06E116E92AD17DDD00077B50 /* Resources */,
			);
			buildRules = (
			);
			dependencies = (
			);
			name = atriusClient;
			productName = atriusClient;
			productReference = 06E116EB2AD17DDD00077B50 /* atriusClient.app */;
			productType = "com.apple.product-type.application";
		};
		06E116FB2AD17DDE00077B50 /* atriusClientTests */ = {
			isa = PBXNativeTarget;
			buildConfigurationList = 06E117132AD17DDE00077B50 /* Build configuration list for PBXNativeTarget "atriusClientTests" */;
			buildPhases = (
				06E116F82AD17DDE00077B50 /* Sources */,
				06E116F92AD17DDE00077B50 /* Frameworks */,
				06E116FA2AD17DDE00077B50 /* Resources */,
			);
			buildRules = (
			);
			dependencies = (
				06E116FE2AD17DDE00077B50 /* PBXTargetDependency */,
			);
			name = atriusClientTests;
			productName = atriusClientTests;
			productReference = 06E116FC2AD17DDE00077B50 /* atriusClientTests.xctest */;
			productType = "com.apple.product-type.bundle.unit-test";
		};
		06E117052AD17DDE00077B50 /* atriusClientUITests */ = {
			isa = PBXNativeTarget;
			buildConfigurationList = 06E117162AD17DDE00077B50 /* Build configuration list for PBXNativeTarget "atriusClientUITests" */;
			buildPhases = (
				06E117022AD17DDE00077B50 /* Sources */,
				06E117032AD17DDE00077B50 /* Frameworks */,
				06E117042AD17DDE00077B50 /* Resources */,
			);
			buildRules = (
			);
			dependencies = (
				06E117082AD17DDE00077B50 /* PBXTargetDependency */,
			);
			name = atriusClientUITests;
			productName = atriusClientUITests;
			productReference = 06E117062AD17DDE00077B50 /* atriusClientUITests.xctest */;
			productType = "com.apple.product-type.bundle.ui-testing";
		};
/* End PBXNativeTarget section */

/* Begin PBXProject section */
		06E116E32AD17DDD00077B50 /* Project object */ = {
			isa = PBXProject;
			attributes = {
				BuildIndependentTargetsInParallel = 1;
				LastSwiftUpdateCheck = 1500;
				LastUpgradeCheck = 1500;
				TargetAttributes = {
					06E116EA2AD17DDD00077B50 = {
						CreatedOnToolsVersion = 15.0;
					};
					06E116FB2AD17DDE00077B50 = {
						CreatedOnToolsVersion = 15.0;
						TestTargetID = 06E116EA2AD17DDD00077B50;
					};
					06E117052AD17DDE00077B50 = {
						CreatedOnToolsVersion = 15.0;
						TestTargetID = 06E116EA2AD17DDD00077B50;
					};
				};
			};
			buildConfigurationList = 06E116E62AD17DDD00077B50 /* Build configuration list for PBXProject "atriusClient" */;
			compatibilityVersion = "Xcode 14.0";
			developmentRegion = en;
			hasScannedForEncodings = 0;
			knownRegions = (
				en,
				Base,
			);
			mainGroup = 06E116E22AD17DDD00077B50;
			productRefGroup = 06E116EC2AD17DDD00077B50 /* Products */;
			projectDirPath = "";
			projectRoot = "";
			targets = (
				06E116EA2AD17DDD00077B50 /* atriusClient */,
				06E116FB2AD17DDE00077B50 /* atriusClientTests */,
				06E117052AD17DDE00077B50 /* atriusClientUITests */,
			);
		};
/* End PBXProject section */

/* Begin PBXResourcesBuildPhase section */
		06E116E92AD17DDD00077B50 /* Resources */ = {
			isa = PBXResourcesBuildPhase;
			buildActionMask = 2147483647;
			files = (
				06E116F72AD17DDE00077B50 /* Preview Assets.xcassets in Resources */,
				06E116F32AD17DDE00077B50 /* Assets.xcassets in Resources */,
			);
			runOnlyForDeploymentPostprocessing = 0;
		};
		06E116FA2AD17DDE00077B50 /* Resources */ = {
			isa = PBXResourcesBuildPhase;
			buildActionMask = 2147483647;
			files = (
			);
			runOnlyForDeploymentPostprocessing = 0;
		};
		06E117042AD17DDE00077B50 /* Resources */ = {
			isa = PBXResourcesBuildPhase;
			buildActionMask = 2147483647;
			files = (
			);
			runOnlyForDeploymentPostprocessing = 0;
		};
/* End PBXResourcesBuildPhase section */

/* Begin PBXSourcesBuildPhase section */
		06E116E72AD17DDD00077B50 /* Sources */ = {
			isa = PBXSourcesBuildPhase;
			buildActionMask = 2147483647;
			files = (
				06DEEFE32AD2D4240039E5A4 /* ErrorWrapper.swift in Sources */,
				06E117272AD18AE500077B50 /* SignupView.swift in Sources */,
				06E116F12AD17DDD00077B50 /* ContentView.swift in Sources */,
				06E117242AD18A2F00077B50 /* SignupDTO.swift in Sources */,
				06E1172B2AD1994B00077B50 /* LoginView.swift in Sources */,
				06D4FE552AD903AF007FB815 /* NoteView.swift in Sources */,
				06D4FE532AD8FE89007FB815 /* SpeechRecognizer2.swift in Sources */,
				06D4FE572AD9086D007FB815 /* Note.swift in Sources */,
				06E116EF2AD17DDD00077B50 /* atriusClientApp.swift in Sources */,
				06E117292AD18F5F00077B50 /* User.swift in Sources */,
				06D4FE4F2AD827D5007FB815 /* EntryField.swift in Sources */,
				06DEEFE12AD2D3F20039E5A4 /* ErrorView.swift in Sources */,
				06D4FE4B2AD6A6D6007FB815 /* DoctorScreen.swift in Sources */,
				06D4FE512AD828A6007FB815 /* AuthEntryModel.swift in Sources */,
				06D4FE4D2AD6A712007FB815 /* BillingScreen.swift in Sources */,
				06DEEFE72AD3C7130039E5A4 /* String+extensions.swift in Sources */,
				06D4FE5B2AD94292007FB815 /* SpeechRecognizer.swift in Sources */,
				06E1171B2AD1875700077B50 /* HTTPClient.swift in Sources */,
				06E117312AD2951500077B50 /* KeychainServices.swift in Sources */,
				06DEEFE52AD2D4440039E5A4 /* AppState.swift in Sources */,
				06D4FE492AD6A6A4007FB815 /* PatientScreen.swift in Sources */,
				06E1171E2AD1880100077B50 /* APIEndpoints.swift in Sources */,
				06E117212AD1893D00077B50 /* AtriusModel.swift in Sources */,
			);
			runOnlyForDeploymentPostprocessing = 0;
		};
		06E116F82AD17DDE00077B50 /* Sources */ = {
			isa = PBXSourcesBuildPhase;
			buildActionMask = 2147483647;
			files = (
				06E117012AD17DDE00077B50 /* atriusClientTests.swift in Sources */,
			);
			runOnlyForDeploymentPostprocessing = 0;
		};
		06E117022AD17DDE00077B50 /* Sources */ = {
			isa = PBXSourcesBuildPhase;
			buildActionMask = 2147483647;
			files = (
				06E1170B2AD17DDE00077B50 /* atriusClientUITests.swift in Sources */,
				06E1170D2AD17DDE00077B50 /* atriusClientUITestsLaunchTests.swift in Sources */,
			);
			runOnlyForDeploymentPostprocessing = 0;
		};
/* End PBXSourcesBuildPhase section */

/* Begin PBXTargetDependency section */
		06E116FE2AD17DDE00077B50 /* PBXTargetDependency */ = {
			isa = PBXTargetDependency;
			target = 06E116EA2AD17DDD00077B50 /* atriusClient */;
			targetProxy = 06E116FD2AD17DDE00077B50 /* PBXContainerItemProxy */;
		};
		06E117082AD17DDE00077B50 /* PBXTargetDependency */ = {
			isa = PBXTargetDependency;
			target = 06E116EA2AD17DDD00077B50 /* atriusClient */;
			targetProxy = 06E117072AD17DDE00077B50 /* PBXContainerItemProxy */;
		};
/* End PBXTargetDependency section */

/* Begin XCBuildConfiguration section */
		06E1170E2AD17DDE00077B50 /* Debug */ = {
			isa = XCBuildConfiguration;
			buildSettings = {
				ALWAYS_SEARCH_USER_PATHS = NO;
				ASSETCATALOG_COMPILER_GENERATE_SWIFT_ASSET_SYMBOL_EXTENSIONS = YES;
				CLANG_ANALYZER_NONNULL = YES;
				CLANG_ANALYZER_NUMBER_OBJECT_CONVERSION = YES_AGGRESSIVE;
				CLANG_CXX_LANGUAGE_STANDARD = "gnu++20";
				CLANG_ENABLE_MODULES = YES;
				CLANG_ENABLE_OBJC_ARC = YES;
				CLANG_ENABLE_OBJC_WEAK = YES;
				CLANG_WARN_BLOCK_CAPTURE_AUTORELEASING = YES;
				CLANG_WARN_BOOL_CONVERSION = YES;
				CLANG_WARN_COMMA = YES;
				CLANG_WARN_CONSTANT_CONVERSION = YES;
				CLANG_WARN_DEPRECATED_OBJC_IMPLEMENTATIONS = YES;
				CLANG_WARN_DIRECT_OBJC_ISA_USAGE = YES_ERROR;
				CLANG_WARN_DOCUMENTATION_COMMENTS = YES;
				CLANG_WARN_EMPTY_BODY = YES;
				CLANG_WARN_ENUM_CONVERSION = YES;
				CLANG_WARN_INFINITE_RECURSION = YES;
				CLANG_WARN_INT_CONVERSION = YES;
				CLANG_WARN_NON_LITERAL_NULL_CONVERSION = YES;
				CLANG_WARN_OBJC_IMPLICIT_RETAIN_SELF = YES;
				CLANG_WARN_OBJC_LITERAL_CONVERSION = YES;
				CLANG_WARN_OBJC_ROOT_CLASS = YES_ERROR;
				CLANG_WARN_QUOTED_INCLUDE_IN_FRAMEWORK_HEADER = YES;
				CLANG_WARN_RANGE_LOOP_ANALYSIS = YES;
				CLANG_WARN_STRICT_PROTOTYPES = YES;
				CLANG_WARN_SUSPICIOUS_MOVE = YES;
				CLANG_WARN_UNGUARDED_AVAILABILITY = YES_AGGRESSIVE;
				CLANG_WARN_UNREACHABLE_CODE = YES;
				CLANG_WARN__DUPLICATE_METHOD_MATCH = YES;
				COPY_PHASE_STRIP = NO;
				DEBUG_INFORMATION_FORMAT = dwarf;
				ENABLE_STRICT_OBJC_MSGSEND = YES;
				ENABLE_TESTABILITY = YES;
				ENABLE_USER_SCRIPT_SANDBOXING = YES;
				GCC_C_LANGUAGE_STANDARD = gnu17;
				GCC_DYNAMIC_NO_PIC = NO;
				GCC_NO_COMMON_BLOCKS = YES;
				GCC_OPTIMIZATION_LEVEL = 0;
				GCC_PREPROCESSOR_DEFINITIONS = (
					"DEBUG=1",
					"$(inherited)",
				);
				GCC_WARN_64_TO_32_BIT_CONVERSION = YES;
				GCC_WARN_ABOUT_RETURN_TYPE = YES_ERROR;
				GCC_WARN_UNDECLARED_SELECTOR = YES;
				GCC_WARN_UNINITIALIZED_AUTOS = YES_AGGRESSIVE;
				GCC_WARN_UNUSED_FUNCTION = YES;
				GCC_WARN_UNUSED_VARIABLE = YES;
				LOCALIZATION_PREFERS_STRING_CATALOGS = YES;
				MTL_ENABLE_DEBUG_INFO = INCLUDE_SOURCE;
				MTL_FAST_MATH = YES;
				ONLY_ACTIVE_ARCH = YES;
				SWIFT_ACTIVE_COMPILATION_CONDITIONS = "DEBUG $(inherited)";
				SWIFT_OPTIMIZATION_LEVEL = "-Onone";
			};
			name = Debug;
		};
		06E1170F2AD17DDE00077B50 /* Release */ = {
			isa = XCBuildConfiguration;
			buildSettings = {
				ALWAYS_SEARCH_USER_PATHS = NO;
				ASSETCATALOG_COMPILER_GENERATE_SWIFT_ASSET_SYMBOL_EXTENSIONS = YES;
				CLANG_ANALYZER_NONNULL = YES;
				CLANG_ANALYZER_NUMBER_OBJECT_CONVERSION = YES_AGGRESSIVE;
				CLANG_CXX_LANGUAGE_STANDARD = "gnu++20";
				CLANG_ENABLE_MODULES = YES;
				CLANG_ENABLE_OBJC_ARC = YES;
				CLANG_ENABLE_OBJC_WEAK = YES;
				CLANG_WARN_BLOCK_CAPTURE_AUTORELEASING = YES;
				CLANG_WARN_BOOL_CONVERSION = YES;
				CLANG_WARN_COMMA = YES;
				CLANG_WARN_CONSTANT_CONVERSION = YES;
				CLANG_WARN_DEPRECATED_OBJC_IMPLEMENTATIONS = YES;
				CLANG_WARN_DIRECT_OBJC_ISA_USAGE = YES_ERROR;
				CLANG_WARN_DOCUMENTATION_COMMENTS = YES;
				CLANG_WARN_EMPTY_BODY = YES;
				CLANG_WARN_ENUM_CONVERSION = YES;
				CLANG_WARN_INFINITE_RECURSION = YES;
				CLANG_WARN_INT_CONVERSION = YES;
				CLANG_WARN_NON_LITERAL_NULL_CONVERSION = YES;
				CLANG_WARN_OBJC_IMPLICIT_RETAIN_SELF = YES;
				CLANG_WARN_OBJC_LITERAL_CONVERSION = YES;
				CLANG_WARN_OBJC_ROOT_CLASS = YES_ERROR;
				CLANG_WARN_QUOTED_INCLUDE_IN_FRAMEWORK_HEADER = YES;
				CLANG_WARN_RANGE_LOOP_ANALYSIS = YES;
				CLANG_WARN_STRICT_PROTOTYPES = YES;
				CLANG_WARN_SUSPICIOUS_MOVE = YES;
				CLANG_WARN_UNGUARDED_AVAILABILITY = YES_AGGRESSIVE;
				CLANG_WARN_UNREACHABLE_CODE = YES;
				CLANG_WARN__DUPLICATE_METHOD_MATCH = YES;
				COPY_PHASE_STRIP = NO;
				DEBUG_INFORMATION_FORMAT = "dwarf-with-dsym";
				ENABLE_NS_ASSERTIONS = NO;
				ENABLE_STRICT_OBJC_MSGSEND = YES;
				ENABLE_USER_SCRIPT_SANDBOXING = YES;
				GCC_C_LANGUAGE_STANDARD = gnu17;
				GCC_NO_COMMON_BLOCKS = YES;
				GCC_WARN_64_TO_32_BIT_CONVERSION = YES;
				GCC_WARN_ABOUT_RETURN_TYPE = YES_ERROR;
				GCC_WARN_UNDECLARED_SELECTOR = YES;
				GCC_WARN_UNINITIALIZED_AUTOS = YES_AGGRESSIVE;
				GCC_WARN_UNUSED_FUNCTION = YES;
				GCC_WARN_UNUSED_VARIABLE = YES;
				LOCALIZATION_PREFERS_STRING_CATALOGS = YES;
				MTL_ENABLE_DEBUG_INFO = NO;
				MTL_FAST_MATH = YES;
				SWIFT_COMPILATION_MODE = wholemodule;
			};
			name = Release;
		};
		06E117112AD17DDE00077B50 /* Debug */ = {
			isa = XCBuildConfiguration;
			buildSettings = {
				ASSETCATALOG_COMPILER_APPICON_NAME = AppIcon;
				ASSETCATALOG_COMPILER_GLOBAL_ACCENT_COLOR_NAME = AccentColor;
				CODE_SIGN_ENTITLEMENTS = atriusClient/atriusClient.entitlements;
				CODE_SIGN_STYLE = Automatic;
				CURRENT_PROJECT_VERSION = 1;
				DEVELOPMENT_ASSET_PATHS = "\"atriusClient/Preview Content\"";
				DEVELOPMENT_TEAM = GWS577L2NX;
				ENABLE_HARDENED_RUNTIME = YES;
				ENABLE_PREVIEWS = YES;
				GENERATE_INFOPLIST_FILE = YES;
				INFOPLIST_KEY_NSMicrophoneUsageDescription = "“Audio is recorded to transcribe the meeting. Audio recordings are discarded after transcription.”";
				INFOPLIST_KEY_NSSpeechRecognitionUsageDescription = "“You can view a text transcription of your audio notes.”";
				"INFOPLIST_KEY_UIApplicationSceneManifest_Generation[sdk=iphoneos*]" = YES;
				"INFOPLIST_KEY_UIApplicationSceneManifest_Generation[sdk=iphonesimulator*]" = YES;
				"INFOPLIST_KEY_UIApplicationSupportsIndirectInputEvents[sdk=iphoneos*]" = YES;
				"INFOPLIST_KEY_UIApplicationSupportsIndirectInputEvents[sdk=iphonesimulator*]" = YES;
				"INFOPLIST_KEY_UILaunchScreen_Generation[sdk=iphoneos*]" = YES;
				"INFOPLIST_KEY_UILaunchScreen_Generation[sdk=iphonesimulator*]" = YES;
				"INFOPLIST_KEY_UIStatusBarStyle[sdk=iphoneos*]" = UIStatusBarStyleDefault;
				"INFOPLIST_KEY_UIStatusBarStyle[sdk=iphonesimulator*]" = UIStatusBarStyleDefault;
				INFOPLIST_KEY_UISupportedInterfaceOrientations_iPad = "UIInterfaceOrientationPortrait UIInterfaceOrientationPortraitUpsideDown UIInterfaceOrientationLandscapeLeft UIInterfaceOrientationLandscapeRight";
				INFOPLIST_KEY_UISupportedInterfaceOrientations_iPhone = "UIInterfaceOrientationPortrait UIInterfaceOrientationLandscapeLeft UIInterfaceOrientationLandscapeRight";
				IPHONEOS_DEPLOYMENT_TARGET = 17.0;
				LD_RUNPATH_SEARCH_PATHS = "@executable_path/Frameworks";
				"LD_RUNPATH_SEARCH_PATHS[sdk=macosx*]" = "@executable_path/../Frameworks";
				MACOSX_DEPLOYMENT_TARGET = 13.5;
				MARKETING_VERSION = 1.0;
				PRODUCT_BUNDLE_IDENTIFIER = com.sandhums.atriusClient;
				PRODUCT_NAME = "$(TARGET_NAME)";
				SDKROOT = auto;
				SUPPORTED_PLATFORMS = "iphoneos iphonesimulator macosx";
				SWIFT_EMIT_LOC_STRINGS = YES;
				SWIFT_VERSION = 5.0;
				TARGETED_DEVICE_FAMILY = "1,2";
			};
			name = Debug;
		};
		06E117122AD17DDE00077B50 /* Release */ = {
			isa = XCBuildConfiguration;
			buildSettings = {
				ASSETCATALOG_COMPILER_APPICON_NAME = AppIcon;
				ASSETCATALOG_COMPILER_GLOBAL_ACCENT_COLOR_NAME = AccentColor;
				CODE_SIGN_ENTITLEMENTS = atriusClient/atriusClient.entitlements;
				CODE_SIGN_STYLE = Automatic;
				CURRENT_PROJECT_VERSION = 1;
				DEVELOPMENT_ASSET_PATHS = "\"atriusClient/Preview Content\"";
				DEVELOPMENT_TEAM = GWS577L2NX;
				ENABLE_HARDENED_RUNTIME = YES;
				ENABLE_PREVIEWS = YES;
				GENERATE_INFOPLIST_FILE = YES;
				INFOPLIST_KEY_NSMicrophoneUsageDescription = "“Audio is recorded to transcribe the meeting. Audio recordings are discarded after transcription.”";
				INFOPLIST_KEY_NSSpeechRecognitionUsageDescription = "“You can view a text transcription of your audio notes.”";
				"INFOPLIST_KEY_UIApplicationSceneManifest_Generation[sdk=iphoneos*]" = YES;
				"INFOPLIST_KEY_UIApplicationSceneManifest_Generation[sdk=iphonesimulator*]" = YES;
				"INFOPLIST_KEY_UIApplicationSupportsIndirectInputEvents[sdk=iphoneos*]" = YES;
				"INFOPLIST_KEY_UIApplicationSupportsIndirectInputEvents[sdk=iphonesimulator*]" = YES;
				"INFOPLIST_KEY_UILaunchScreen_Generation[sdk=iphoneos*]" = YES;
				"INFOPLIST_KEY_UILaunchScreen_Generation[sdk=iphonesimulator*]" = YES;
				"INFOPLIST_KEY_UIStatusBarStyle[sdk=iphoneos*]" = UIStatusBarStyleDefault;
				"INFOPLIST_KEY_UIStatusBarStyle[sdk=iphonesimulator*]" = UIStatusBarStyleDefault;
				INFOPLIST_KEY_UISupportedInterfaceOrientations_iPad = "UIInterfaceOrientationPortrait UIInterfaceOrientationPortraitUpsideDown UIInterfaceOrientationLandscapeLeft UIInterfaceOrientationLandscapeRight";
				INFOPLIST_KEY_UISupportedInterfaceOrientations_iPhone = "UIInterfaceOrientationPortrait UIInterfaceOrientationLandscapeLeft UIInterfaceOrientationLandscapeRight";
				IPHONEOS_DEPLOYMENT_TARGET = 17.0;
				LD_RUNPATH_SEARCH_PATHS = "@executable_path/Frameworks";
				"LD_RUNPATH_SEARCH_PATHS[sdk=macosx*]" = "@executable_path/../Frameworks";
				MACOSX_DEPLOYMENT_TARGET = 13.5;
				MARKETING_VERSION = 1.0;
				PRODUCT_BUNDLE_IDENTIFIER = com.sandhums.atriusClient;
				PRODUCT_NAME = "$(TARGET_NAME)";
				SDKROOT = auto;
				SUPPORTED_PLATFORMS = "iphoneos iphonesimulator macosx";
				SWIFT_EMIT_LOC_STRINGS = YES;
				SWIFT_VERSION = 5.0;
				TARGETED_DEVICE_FAMILY = "1,2";
			};
			name = Release;
		};
		06E117142AD17DDE00077B50 /* Debug */ = {
			isa = XCBuildConfiguration;
			buildSettings = {
				ALWAYS_EMBED_SWIFT_STANDARD_LIBRARIES = YES;
				BUNDLE_LOADER = "$(TEST_HOST)";
				CODE_SIGN_STYLE = Automatic;
				CURRENT_PROJECT_VERSION = 1;
				DEVELOPMENT_TEAM = GWS577L2NX;
				GENERATE_INFOPLIST_FILE = YES;
				IPHONEOS_DEPLOYMENT_TARGET = 17.0;
				MACOSX_DEPLOYMENT_TARGET = 13.5;
				MARKETING_VERSION = 1.0;
				PRODUCT_BUNDLE_IDENTIFIER = com.sandhums.atriusClientTests;
				PRODUCT_NAME = "$(TARGET_NAME)";
				SDKROOT = auto;
				SUPPORTED_PLATFORMS = "iphoneos iphonesimulator macosx";
				SWIFT_EMIT_LOC_STRINGS = NO;
				SWIFT_VERSION = 5.0;
				TARGETED_DEVICE_FAMILY = "1,2";
				TEST_HOST = "$(BUILT_PRODUCTS_DIR)/atriusClient.app/$(BUNDLE_EXECUTABLE_FOLDER_PATH)/atriusClient";
			};
			name = Debug;
		};
		06E117152AD17DDE00077B50 /* Release */ = {
			isa = XCBuildConfiguration;
			buildSettings = {
				ALWAYS_EMBED_SWIFT_STANDARD_LIBRARIES = YES;
				BUNDLE_LOADER = "$(TEST_HOST)";
				CODE_SIGN_STYLE = Automatic;
				CURRENT_PROJECT_VERSION = 1;
				DEVELOPMENT_TEAM = GWS577L2NX;
				GENERATE_INFOPLIST_FILE = YES;
				IPHONEOS_DEPLOYMENT_TARGET = 17.0;
				MACOSX_DEPLOYMENT_TARGET = 13.5;
				MARKETING_VERSION = 1.0;
				PRODUCT_BUNDLE_IDENTIFIER = com.sandhums.atriusClientTests;
				PRODUCT_NAME = "$(TARGET_NAME)";
				SDKROOT = auto;
				SUPPORTED_PLATFORMS = "iphoneos iphonesimulator macosx";
				SWIFT_EMIT_LOC_STRINGS = NO;
				SWIFT_VERSION = 5.0;
				TARGETED_DEVICE_FAMILY = "1,2";
				TEST_HOST = "$(BUILT_PRODUCTS_DIR)/atriusClient.app/$(BUNDLE_EXECUTABLE_FOLDER_PATH)/atriusClient";
			};
			name = Release;
		};
		06E117172AD17DDE00077B50 /* Debug */ = {
			isa = XCBuildConfiguration;
			buildSettings = {
				ALWAYS_EMBED_SWIFT_STANDARD_LIBRARIES = YES;
				CODE_SIGN_STYLE = Automatic;
				CURRENT_PROJECT_VERSION = 1;
				DEVELOPMENT_TEAM = GWS577L2NX;
				GENERATE_INFOPLIST_FILE = YES;
				IPHONEOS_DEPLOYMENT_TARGET = 17.0;
				MACOSX_DEPLOYMENT_TARGET = 13.5;
				MARKETING_VERSION = 1.0;
				PRODUCT_BUNDLE_IDENTIFIER = com.sandhums.atriusClientUITests;
				PRODUCT_NAME = "$(TARGET_NAME)";
				SDKROOT = auto;
				SUPPORTED_PLATFORMS = "iphoneos iphonesimulator macosx";
				SWIFT_EMIT_LOC_STRINGS = NO;
				SWIFT_VERSION = 5.0;
				TARGETED_DEVICE_FAMILY = "1,2";
				TEST_TARGET_NAME = atriusClient;
			};
			name = Debug;
		};
		06E117182AD17DDE00077B50 /* Release */ = {
			isa = XCBuildConfiguration;
			buildSettings = {
				ALWAYS_EMBED_SWIFT_STANDARD_LIBRARIES = YES;
				CODE_SIGN_STYLE = Automatic;
				CURRENT_PROJECT_VERSION = 1;
				DEVELOPMENT_TEAM = GWS577L2NX;
				GENERATE_INFOPLIST_FILE = YES;
				IPHONEOS_DEPLOYMENT_TARGET = 17.0;
				MACOSX_DEPLOYMENT_TARGET = 13.5;
				MARKETING_VERSION = 1.0;
				PRODUCT_BUNDLE_IDENTIFIER = com.sandhums.atriusClientUITests;
				PRODUCT_NAME = "$(TARGET_NAME)";
				SDKROOT = auto;
				SUPPORTED_PLATFORMS = "iphoneos iphonesimulator macosx";
				SWIFT_EMIT_LOC_STRINGS = NO;
				SWIFT_VERSION = 5.0;
				TARGETED_DEVICE_FAMILY = "1,2";
				TEST_TARGET_NAME = atriusClient;
			};
			name = Release;
		};
/* End XCBuildConfiguration section */

/* Begin XCConfigurationList section */
		06E116E62AD17DDD00077B50 /* Build configuration list for PBXProject "atriusClient" */ = {
			isa = XCConfigurationList;
			buildConfigurations = (
				06E1170E2AD17DDE00077B50 /* Debug */,
				06E1170F2AD17DDE00077B50 /* Release */,
			);
			defaultConfigurationIsVisible = 0;
			defaultConfigurationName = Release;
		};
		06E117102AD17DDE00077B50 /* Build configuration list for PBXNativeTarget "atriusClient" */ = {
			isa = XCConfigurationList;
			buildConfigurations = (
				06E117112AD17DDE00077B50 /* Debug */,
				06E117122AD17DDE00077B50 /* Release */,
			);
			defaultConfigurationIsVisible = 0;
			defaultConfigurationName = Release;
		};
		06E117132AD17DDE00077B50 /* Build configuration list for PBXNativeTarget "atriusClientTests" */ = {
			isa = XCConfigurationList;
			buildConfigurations = (
				06E117142AD17DDE00077B50 /* Debug */,
				06E117152AD17DDE00077B50 /* Release */,
			);
			defaultConfigurationIsVisible = 0;
			defaultConfigurationName = Release;
		};
		06E117162AD17DDE00077B50 /* Build configuration list for PBXNativeTarget "atriusClientUITests" */ = {
			isa = XCConfigurationList;
			buildConfigurations = (
				06E117172AD17DDE00077B50 /* Debug */,
				06E117182AD17DDE00077B50 /* Release */,
			);
			defaultConfigurationIsVisible = 0;
			defaultConfigurationName = Release;
		};
/* End XCConfigurationList section */
	};
	rootObject = 06E116E32AD17DDD00077B50 /* Project object */;
}
